// !$*UTF8*$!
{
	archiveVersion = 1;
	classes = {
	};
	objectVersion = 50;
	objects = {

/* Begin PBXBuildFile section */
		102AF45621EE64300062BAAE /* AppDelegate.swift in Sources */ = {isa = PBXBuildFile; fileRef = 102AF45521EE64300062BAAE /* AppDelegate.swift */; };
		102AF45821EE64300062BAAE /* art.scnassets in Resources */ = {isa = PBXBuildFile; fileRef = 102AF45721EE64300062BAAE /* art.scnassets */; };
		102AF45A21EE64300062BAAE /* ViewController.swift in Sources */ = {isa = PBXBuildFile; fileRef = 102AF45921EE64300062BAAE /* ViewController.swift */; };
		102AF45D21EE64300062BAAE /* Main.storyboard in Resources */ = {isa = PBXBuildFile; fileRef = 102AF45B21EE64300062BAAE /* Main.storyboard */; };
		102AF45F21EE64310062BAAE /* Assets.xcassets in Resources */ = {isa = PBXBuildFile; fileRef = 102AF45E21EE64310062BAAE /* Assets.xcassets */; };
		102AF46221EE64310062BAAE /* LaunchScreen.storyboard in Resources */ = {isa = PBXBuildFile; fileRef = 102AF46021EE64310062BAAE /* LaunchScreen.storyboard */; };
		102AF46A21EE66140062BAAE /* harrypotter.mp4 in Resources */ = {isa = PBXBuildFile; fileRef = 102AF46921EE66140062BAAE /* harrypotter.mp4 */; };
/* End PBXBuildFile section */

/* Begin PBXFileReference section */
		102AF45221EE64300062BAAE /* ARProphetDaily.app */ = {isa = PBXFileReference; explicitFileType = wrapper.application; includeInIndex = 0; path = ARProphetDaily.app; sourceTree = BUILT_PRODUCTS_DIR; };
		102AF45521EE64300062BAAE /* AppDelegate.swift */ = {isa = PBXFileReference; lastKnownFileType = sourcecode.swift; path = AppDelegate.swift; sourceTree = "<group>"; };
		102AF45721EE64300062BAAE /* art.scnassets */ = {isa = PBXFileReference; lastKnownFileType = wrapper.scnassets; path = art.scnassets; sourceTree = "<group>"; };
		102AF45921EE64300062BAAE /* ViewController.swift */ = {isa = PBXFileReference; lastKnownFileType = sourcecode.swift; path = ViewController.swift; sourceTree = "<group>"; };
		102AF45C21EE64300062BAAE /* Base */ = {isa = PBXFileReference; lastKnownFileType = file.storyboard; name = Base; path = Base.lproj/Main.storyboard; sourceTree = "<group>"; };
		102AF45E21EE64310062BAAE /* Assets.xcassets */ = {isa = PBXFileReference; lastKnownFileType = folder.assetcatalog; path = Assets.xcassets; sourceTree = "<group>"; };
		102AF46121EE64310062BAAE /* Base */ = {isa = PBXFileReference; lastKnownFileType = file.storyboard; name = Base; path = Base.lproj/LaunchScreen.storyboard; sourceTree = "<group>"; };
		102AF46321EE64310062BAAE /* Info.plist */ = {isa = PBXFileReference; lastKnownFileType = text.plist.xml; path = Info.plist; sourceTree = "<group>"; };
		102AF46921EE66140062BAAE /* harrypotter.mp4 */ = {isa = PBXFileReference; lastKnownFileType = file; path = harrypotter.mp4; sourceTree = "<group>"; };
/* End PBXFileReference section */

/* Begin PBXFrameworksBuildPhase section */
		102AF44F21EE64300062BAAE /* Frameworks */ = {
			isa = PBXFrameworksBuildPhase;
			buildActionMask = 2147483647;
			files = (
			);
			runOnlyForDeploymentPostprocessing = 0;
		};
/* End PBXFrameworksBuildPhase section */

/* Begin PBXGroup section */
		102AF44921EE64300062BAAE = {
			isa = PBXGroup;
			children = (
				102AF45421EE64300062BAAE /* ARProphetDaily */,
				102AF45321EE64300062BAAE /* Products */,
			);
			sourceTree = "<group>";
		};
		102AF45321EE64300062BAAE /* Products */ = {
			isa = PBXGroup;
			children = (
				102AF45221EE64300062BAAE /* ARProphetDaily.app */,
			);
			name = Products;
			sourceTree = "<group>";
		};
		102AF45421EE64300062BAAE /* ARProphetDaily */ = {
			isa = PBXGroup;
			children = (
				102AF46921EE66140062BAAE /* harrypotter.mp4 */,
				102AF45521EE64300062BAAE /* AppDelegate.swift */,
				102AF45921EE64300062BAAE /* ViewController.swift */,
				102AF45B21EE64300062BAAE /* Main.storyboard */,
				102AF45721EE64300062BAAE /* art.scnassets */,
				102AF45E21EE64310062BAAE /* Assets.xcassets */,
				102AF46021EE64310062BAAE /* LaunchScreen.storyboard */,
				102AF46321EE64310062BAAE /* Info.plist */,
			);
			path = ARProphetDaily;
			sourceTree = "<group>";
		};
/* End PBXGroup section */

/* Begin PBXNativeTarget section */
		102AF45121EE64300062BAAE /* ARProphetDaily */ = {
			isa = PBXNativeTarget;
			buildConfigurationList = 102AF46621EE64310062BAAE /* Build configuration list for PBXNativeTarget "ARProphetDaily" */;
			buildPhases = (
				102AF44E21EE64300062BAAE /* Sources */,
				102AF44F21EE64300062BAAE /* Frameworks */,
				102AF45021EE64300062BAAE /* Resources */,
			);
			buildRules = (
			);
			dependencies = (
			);
			name = ARProphetDaily;
			productName = ARProphetDaily;
			productReference = 102AF45221EE64300062BAAE /* ARProphetDaily.app */;
			productType = "com.apple.product-type.application";
		};
/* End PBXNativeTarget section */

/* Begin PBXProject section */
		102AF44A21EE64300062BAAE /* Project object */ = {
			isa = PBXProject;
			attributes = {
				LastSwiftUpdateCheck = 1010;
				LastUpgradeCheck = 1010;
				ORGANIZATIONNAME = "TRUNG NGUYEN";
				TargetAttributes = {
					102AF45121EE64300062BAAE = {
						CreatedOnToolsVersion = 10.1;
					};
				};
			};
			buildConfigurationList = 102AF44D21EE64300062BAAE /* Build configuration list for PBXProject "ARProphetDaily" */;
			compatibilityVersion = "Xcode 9.3";
			developmentRegion = en;
			hasScannedForEncodings = 0;
			knownRegions = (
				en,
				Base,
			);
			mainGroup = 102AF44921EE64300062BAAE;
			productRefGroup = 102AF45321EE64300062BAAE /* Products */;
			projectDirPath = "";
			projectRoot = "";
			targets = (
				102AF45121EE64300062BAAE /* ARProphetDaily */,
			);
		};
/* End PBXProject section */

/* Begin PBXResourcesBuildPhase section */
		102AF45021EE64300062BAAE /* Resources */ = {
			isa = PBXResourcesBuildPhase;
			buildActionMask = 2147483647;
			files = (
				102AF45821EE64300062BAAE /* art.scnassets in Resources */,
				102AF46221EE64310062BAAE /* LaunchScreen.storyboard in Resources */,
				102AF46A21EE66140062BAAE /* harrypotter.mp4 in Resources */,
				102AF45F21EE64310062BAAE /* Assets.xcassets in Resources */,
				102AF45D21EE64300062BAAE /* Main.storyboard in Resources */,
			);
			runOnlyForDeploymentPostprocessing = 0;
		};
/* End PBXResourcesBuildPhase section */

/* Begin PBXSourcesBuildPhase section */
		102AF44E21EE64300062BAAE /* Sources */ = {
			isa = PBXSourcesBuildPhase;
			buildActionMask = 2147483647;
			files = (
				102AF45A21EE64300062BAAE /* ViewController.swift in Sources */,
				102AF45621EE64300062BAAE /* AppDelegate.swift in Sources */,
			);
			runOnlyForDeploymentPostprocessing = 0;
		};
/* End PBXSourcesBuildPhase section */

/* Begin PBXVariantGroup section */
		102AF45B21EE64300062BAAE /* Main.storyboard */ = {
			isa = PBXVariantGroup;
			children = (
				102AF45C21EE64300062BAAE /* Base */,
			);
			name = Main.storyboard;
			sourceTree = "<group>";
		};
		102AF46021EE64310062BAAE /* LaunchScreen.storyboard */ = {
			isa = PBXVariantGroup;
			children = (
				102AF46121EE64310062BAAE /* Base */,
			);
			name = LaunchScreen.storyboard;
			sourceTree = "<group>";
		};
/* End PBXVariantGroup section */

/* Begin XCBuildConfiguration section */
		102AF46421EE64310062BAAE /* Debug */ = {
			isa = XCBuildConfiguration;
			buildSettings = {
				ALWAYS_SEARCH_USER_PATHS = NO;
				CLANG_ANALYZER_NONNULL = YES;
				CLANG_ANALYZER_NUMBER_OBJECT_CONVERSION = YES_AGGRESSIVE;
				CLANG_CXX_LANGUAGE_STANDARD = "gnu++14";
				CLANG_CXX_LIBRARY = "libc++";
				CLANG_ENABLE_MODULES = YES;
				CLANG_ENABLE_OBJC_ARC = YES;
				CLANG_ENABLE_OBJC_WEAK = YES;
				CLANG_WARN_BLOCK_CAPTURE_AUTORELEASING = YES;
				CLANG_WARN_BOOL_CONVERSION = YES;
				CLANG_WARN_COMMA = YES;
				CLANG_WARN_CONSTANT_CONVERSION = YES;
				CLANG_WARN_DEPRECATED_OBJC_IMPLEMENTATIONS = YES;
				CLANG_WARN_DIRECT_OBJC_ISA_USAGE = YES_ERROR;
				CLANG_WARN_DOCUMENTATION_COMMENTS = YES;
				CLANG_WARN_EMPTY_BODY = YES;
				CLANG_WARN_ENUM_CONVERSION = YES;
				CLANG_WARN_INFINITE_RECURSION = YES;
				CLANG_WARN_INT_CONVERSION = YES;
				CLANG_WARN_NON_LITERAL_NULL_CONVERSION = YES;
				CLANG_WARN_OBJC_IMPLICIT_RETAIN_SELF = YES;
				CLANG_WARN_OBJC_LITERAL_CONVERSION = YES;
				CLANG_WARN_OBJC_ROOT_CLASS = YES_ERROR;
				CLANG_WARN_RANGE_LOOP_ANALYSIS = YES;
				CLANG_WARN_STRICT_PROTOTYPES = YES;
				CLANG_WARN_SUSPICIOUS_MOVE = YES;
				CLANG_WARN_UNGUARDED_AVAILABILITY = YES_AGGRESSIVE;
				CLANG_WARN_UNREACHABLE_CODE = YES;
				CLANG_WARN__DUPLICATE_METHOD_MATCH = YES;
				CODE_SIGN_IDENTITY = "iPhone Developer";
				COPY_PHASE_STRIP = NO;
				DEBUG_INFORMATION_FORMAT = dwarf;
				ENABLE_STRICT_OBJC_MSGSEND = YES;
				ENABLE_TESTABILITY = YES;
				GCC_C_LANGUAGE_STANDARD = gnu11;
				GCC_DYNAMIC_NO_PIC = NO;
				GCC_NO_COMMON_BLOCKS = YES;
				GCC_OPTIMIZATION_LEVEL = 0;
				GCC_PREPROCESSOR_DEFINITIONS = (
					"DEBUG=1",
					"$(inherited)",
				);
				GCC_WARN_64_TO_32_BIT_CONVERSION = YES;
				GCC_WARN_ABOUT_RETURN_TYPE = YES_ERROR;
				GCC_WARN_UNDECLARED_SELECTOR = YES;
				GCC_WARN_UNINITIALIZED_AUTOS = YES_AGGRESSIVE;
				GCC_WARN_UNUSED_FUNCTION = YES;
				GCC_WARN_UNUSED_VARIABLE = YES;
				IPHONEOS_DEPLOYMENT_TARGET = 12.1;
				MTL_ENABLE_DEBUG_INFO = INCLUDE_SOURCE;
				MTL_FAST_MATH = YES;
				ONLY_ACTIVE_ARCH = YES;
				SDKROOT = iphoneos;
				SWIFT_ACTIVE_COMPILATION_CONDITIONS = DEBUG;
				SWIFT_OPTIMIZATION_LEVEL = "-Onone";
			};
			name = Debug;
		};
		102AF46521EE64310062BAAE /* Release */ = {
			isa = XCBuildConfiguration;
			buildSettings = {
				ALWAYS_SEARCH_USER_PATHS = NO;
				CLANG_ANALYZER_NONNULL = YES;
				CLANG_ANALYZER_NUMBER_OBJECT_CONVERSION = YES_AGGRESSIVE;
				CLANG_CXX_LANGUAGE_STANDARD = "gnu++14";
				CLANG_CXX_LIBRARY = "libc++";
				CLANG_ENABLE_MODULES = YES;
				CLANG_ENABLE_OBJC_ARC = YES;
				CLANG_ENABLE_OBJC_WEAK = YES;
				CLANG_WARN_BLOCK_CAPTURE_AUTORELEASING = YES;
				CLANG_WARN_BOOL_CONVERSION = YES;
				CLANG_WARN_COMMA = YES;
				CLANG_WARN_CONSTANT_CONVERSION = YES;
				CLANG_WARN_DEPRECATED_OBJC_IMPLEMENTATIONS = YES;
				CLANG_WARN_DIRECT_OBJC_ISA_USAGE = YES_ERROR;
				CLANG_WARN_DOCUMENTATION_COMMENTS = YES;
				CLANG_WARN_EMPTY_BODY = YES;
				CLANG_WARN_ENUM_CONVERSION = YES;
				CLANG_WARN_INFINITE_RECURSION = YES;
				CLANG_WARN_INT_CONVERSION = YES;
				CLANG_WARN_NON_LITERAL_NULL_CONVERSION = YES;
				CLANG_WARN_OBJC_IMPLICIT_RETAIN_SELF = YES;
				CLANG_WARN_OBJC_LITERAL_CONVERSION = YES;
				CLANG_WARN_OBJC_ROOT_CLASS = YES_ERROR;
				CLANG_WARN_RANGE_LOOP_ANALYSIS = YES;
				CLANG_WARN_STRICT_PROTOTYPES = YES;
				CLANG_WARN_SUSPICIOUS_MOVE = YES;
				CLANG_WARN_UNGUARDED_AVAILABILITY = YES_AGGRESSIVE;
				CLANG_WARN_UNREACHABLE_CODE = YES;
				CLANG_WARN__DUPLICATE_METHOD_MATCH = YES;
				CODE_SIGN_IDENTITY = "iPhone Developer";
				COPY_PHASE_STRIP = NO;
				DEBUG_INFORMATION_FORMAT = "dwarf-with-dsym";
				ENABLE_NS_ASSERTIONS = NO;
				ENABLE_STRICT_OBJC_MSGSEND = YES;
				GCC_C_LANGUAGE_STANDARD = gnu11;
				GCC_NO_COMMON_BLOCKS = YES;
				GCC_WARN_64_TO_32_BIT_CONVERSION = YES;
				GCC_WARN_ABOUT_RETURN_TYPE = YES_ERROR;
				GCC_WARN_UNDECLARED_SELECTOR = YES;
				GCC_WARN_UNINITIALIZED_AUTOS = YES_AGGRESSIVE;
				GCC_WARN_UNUSED_FUNCTION = YES;
				GCC_WARN_UNUSED_VARIABLE = YES;
				IPHONEOS_DEPLOYMENT_TARGET = 12.1;
				MTL_ENABLE_DEBUG_INFO = NO;
				MTL_FAST_MATH = YES;
				SDKROOT = iphoneos;
				SWIFT_COMPILATION_MODE = wholemodule;
				SWIFT_OPTIMIZATION_LEVEL = "-O";
				VALIDATE_PRODUCT = YES;
			};
			name = Release;
		};
		102AF46721EE64310062BAAE /* Debug */ = {
			isa = XCBuildConfiguration;
			buildSettings = {
				ASSETCATALOG_COMPILER_APPICON_NAME = AppIcon;
				CODE_SIGN_STYLE = Automatic;
				DEVELOPMENT_TEAM = NVCR2XS726;
				INFOPLIST_FILE = ARProphetDaily/Info.plist;
				LD_RUNPATH_SEARCH_PATHS = (
					"$(inherited)",
					"@executable_path/Frameworks",
				);
				PRODUCT_BUNDLE_IDENTIFIER = TN.AR.ARProphetDaily;
				PRODUCT_NAME = "$(TARGET_NAME)";
				SWIFT_VERSION = 4.2;
				TARGETED_DEVICE_FAMILY = "1,2";
			};
			name = Debug;
		};
		102AF46821EE64310062BAAE /* Release */ = {
			isa = XCBuildConfiguration;
			buildSettings = {
				ASSETCATALOG_COMPILER_APPICON_NAME = AppIcon;
				CODE_SIGN_STYLE = Automatic;
				DEVELOPMENT_TEAM = NVCR2XS726;
				INFOPLIST_FILE = ARProphetDaily/Info.plist;
				LD_RUNPATH_SEARCH_PATHS = (
					"$(inherited)",
					"@executable_path/Frameworks",
				);
				PRODUCT_BUNDLE_IDENTIFIER = TN.AR.ARProphetDaily;
				PRODUCT_NAME = "$(TARGET_NAME)";
				SWIFT_VERSION = 4.2;
				TARGETED_DEVICE_FAMILY = "1,2";
			};
			name = Release;
		};
/* End XCBuildConfiguration section */

/* Begin XCConfigurationList section */
		102AF44D21EE64300062BAAE /* Build configuration list for PBXProject "ARProphetDaily" */ = {
			isa = XCConfigurationList;
			buildConfigurations = (
				102AF46421EE64310062BAAE /* Debug */,
				102AF46521EE64310062BAAE /* Release */,
			);
			defaultConfigurationIsVisible = 0;
			defaultConfigurationName = Release;
		};
		102AF46621EE64310062BAAE /* Build configuration list for PBXNativeTarget "ARProphetDaily" */ = {
			isa = XCConfigurationList;
			buildConfigurations = (
				102AF46721EE64310062BAAE /* Debug */,
				102AF46821EE64310062BAAE /* Release */,
			);
			defaultConfigurationIsVisible = 0;
			defaultConfigurationName = Release;
		};
/* End XCConfigurationList section */
	};
	rootObject = 102AF44A21EE64300062BAAE /* Project object */;
}
